
Microsoft Visual Studio Solution File, Format Version 12.00
# Visual Studio 15
VisualStudioVersion = 15.0.28307.1022
MinimumVisualStudioVersion = 10.0.40219.1
Project("{FAE04EC0-301F-11D3-BF4B-00C04F79EFBC}") = "EFCoreTutorial", "EFCoreTutorial\EFCoreTutorial.csproj", "{83816BEB-188D-4255-80E7-75003CC20A34}"
EndProject
Global
	GlobalSection(SolutionConfigurationPlatforms) = preSolution
		Debug|Any CPU = Debug|Any CPU
		Release|Any CPU = Release|Any CPU
	EndGlobalSection
	GlobalSection(ProjectConfigurationPlatforms) = postSolution
		{83816BEB-188D-4255-80E7-75003CC20A34}.Debug|Any CPU.ActiveCfg = Debug|Any CPU
		{83816BEB-188D-4255-80E7-75003CC20A34}.Debug|Any CPU.Build.0 = Debug|Any CPU
		{83816BEB-188D-4255-80E7-75003CC20A34}.Release|Any CPU.ActiveCfg = Release|Any CPU
		{83816BEB-188D-4255-80E7-75003CC20A34}.Release|Any CPU.Build.0 = Release|Any CPU
	EndGlobalSection
	GlobalSection(SolutionProperties) = preSolution
		HideSolutionNode = FALSE
	EndGlobalSection
	GlobalSection(ExtensibilityGlobals) = postSolution
		SolutionGuid = {89FF4F7E-D561-4A04-8CF5-3BEAF7D2DF55}
	EndGlobalSection
EndGlobal
